
Microsoft Visual Studio Solution File, Format Version 12.00
# Visual Studio Version 16
VisualStudioVersion = 16.0.29806.167
MinimumVisualStudioVersion = 10.0.40219.1
Project("{FAE04EC0-301F-11D3-BF4B-00C04F79EFBC}") = "NN_Lab1_SLP", "NN_Lab1_SLP\NN_Lab1_SLP.csproj", "{7697023A-D665-49E4-B61D-BCE1BC1F6BBF}"
EndProject
Global
	GlobalSection(SolutionConfigurationPlatforms) = preSolution
		Debug|Any CPU = Debug|Any CPU
		Release|Any CPU = Release|Any CPU
	EndGlobalSection
	GlobalSection(ProjectConfigurationPlatforms) = postSolution
		{7697023A-D665-49E4-B61D-BCE1BC1F6BBF}.Debug|Any CPU.ActiveCfg = Debug|Any CPU
		{7697023A-D665-49E4-B61D-BCE1BC1F6BBF}.Debug|Any CPU.Build.0 = Debug|Any CPU
		{7697023A-D665-49E4-B61D-BCE1BC1F6BBF}.Release|Any CPU.ActiveCfg = Release|Any CPU
		{7697023A-D665-49E4-B61D-BCE1BC1F6BBF}.Release|Any CPU.Build.0 = Release|Any CPU
	EndGlobalSection
	GlobalSection(SolutionProperties) = preSolution
		HideSolutionNode = FALSE
	EndGlobalSection
	GlobalSection(ExtensibilityGlobals) = postSolution
		SolutionGuid = {55911C23-A44E-4609-BB7B-56BFF59E4897}
	EndGlobalSection
EndGlobal
